
Microsoft Visual Studio Solution File, Format Version 12.00
# Visual Studio 15
VisualStudioVersion = 15.0.27703.2018
MinimumVisualStudioVersion = 10.0.40219.1
Project("{FAE04EC0-301F-11D3-BF4B-00C04F79EFBC}") = "ELearningV1", "ELearningV1\ELearningV1.csproj", "{EA6BB90F-C76A-4160-823D-47EE1EF02955}"
EndProject
Global
	GlobalSection(SolutionConfigurationPlatforms) = preSolution
		Debug|Any CPU = Debug|Any CPU
		Release|Any CPU = Release|Any CPU
	EndGlobalSection
	GlobalSection(ProjectConfigurationPlatforms) = postSolution
		{EA6BB90F-C76A-4160-823D-47EE1EF02955}.Debug|Any CPU.ActiveCfg = Debug|Any CPU
		{EA6BB90F-C76A-4160-823D-47EE1EF02955}.Debug|Any CPU.Build.0 = Debug|Any CPU
		{EA6BB90F-C76A-4160-823D-47EE1EF02955}.Release|Any CPU.ActiveCfg = Release|Any CPU
		{EA6BB90F-C76A-4160-823D-47EE1EF02955}.Release|Any CPU.Build.0 = Release|Any CPU
	EndGlobalSection
	GlobalSection(SolutionProperties) = preSolution
		HideSolutionNode = FALSE
	EndGlobalSection
	GlobalSection(ExtensibilityGlobals) = postSolution
		SolutionGuid = {D9E1F99B-3CEC-472C-879C-DF1BBBEE73D4}
	EndGlobalSection
EndGlobal
